
Microsoft Visual Studio Solution File, Format Version 12.00
# Visual Studio Version 16
VisualStudioVersion = 16.0.30204.135
MinimumVisualStudioVersion = 10.0.40219.1
Project("{FAE04EC0-301F-11D3-BF4B-00C04F79EFBC}") = "CheckOutBasket", "CheckOutBasket.csproj", "{74B2CFCB-2B64-4E5D-923D-A16685E32D15}"
EndProject
Project("{FAE04EC0-301F-11D3-BF4B-00C04F79EFBC}") = "CheckOutBasketData", "..\CheckOutBasketData\CheckOutBasketData.csproj", "{5E34F5EE-B097-4142-8612-89AF88F78597}"
EndProject
Global
	GlobalSection(SolutionConfigurationPlatforms) = preSolution
		Debug|Any CPU = Debug|Any CPU
		Release|Any CPU = Release|Any CPU
	EndGlobalSection
	GlobalSection(ProjectConfigurationPlatforms) = postSolution
		{74B2CFCB-2B64-4E5D-923D-A16685E32D15}.Debug|Any CPU.ActiveCfg = Debug|Any CPU
		{74B2CFCB-2B64-4E5D-923D-A16685E32D15}.Debug|Any CPU.Build.0 = Debug|Any CPU
		{74B2CFCB-2B64-4E5D-923D-A16685E32D15}.Release|Any CPU.ActiveCfg = Release|Any CPU
		{74B2CFCB-2B64-4E5D-923D-A16685E32D15}.Release|Any CPU.Build.0 = Release|Any CPU
		{5E34F5EE-B097-4142-8612-89AF88F78597}.Debug|Any CPU.ActiveCfg = Debug|Any CPU
		{5E34F5EE-B097-4142-8612-89AF88F78597}.Debug|Any CPU.Build.0 = Debug|Any CPU
		{5E34F5EE-B097-4142-8612-89AF88F78597}.Release|Any CPU.ActiveCfg = Release|Any CPU
		{5E34F5EE-B097-4142-8612-89AF88F78597}.Release|Any CPU.Build.0 = Release|Any CPU
	EndGlobalSection
	GlobalSection(SolutionProperties) = preSolution
		HideSolutionNode = FALSE
	EndGlobalSection
	GlobalSection(ExtensibilityGlobals) = postSolution
		SolutionGuid = {696BDA5D-1863-4DDB-8702-F74975F0A021}
	EndGlobalSection
EndGlobal
